# generated by rye
# use `rye lock` or `rye sync` to update this lockfile
#
# last locked with the following flags:
#   pre: false
#   features: []
#   all-features: false
#   with-sources: false
#   generate-hashes: false

altair==5.3.0
    # via vegafusion
asttokens==2.4.1
    # via stack-data
attrs==23.2.0
    # via jsonschema
    # via referencing
comm==0.2.2
    # via ipykernel
debugpy==1.8.2
    # via ipykernel
decorator==5.1.1
    # via ipython
executing==2.0.1
    # via stack-data
ipykernel==6.29.5
ipython==8.26.0
    # via ipykernel
jedi==0.19.1
    # via ipython
jinja2==3.1.4
    # via altair
joblib==1.4.2
    # via scikit-learn
    # via sktime
jsonschema==4.23.0
    # via altair
jsonschema-specifications==2023.12.1
    # via jsonschema
jupyter-client==8.6.2
    # via ipykernel
jupyter-core==5.7.2
    # via ipykernel
    # via jupyter-client
markupsafe==2.1.5
    # via jinja2
matplotlib-inline==0.1.7
    # via ipykernel
    # via ipython
nest-asyncio==1.6.0
    # via ipykernel
numpy==2.0.0
    # via altair
    # via pandas
    # via pyarrow
    # via scikit-learn
    # via scipy
    # via sktime
packaging==24.1
    # via altair
    # via ipykernel
    # via sktime
pandas==2.2.2
    # via altair
    # via sktime
    # via vegafusion
parso==0.8.4
    # via jedi
pexpect==4.9.0
    # via ipython
platformdirs==4.2.2
    # via jupyter-core
polars==1.1.0
prompt-toolkit==3.0.47
    # via ipython
protobuf==5.27.2
    # via vegafusion
psutil==6.0.0
    # via ipykernel
    # via vegafusion
ptyprocess==0.7.0
    # via pexpect
pure-eval==0.2.2
    # via stack-data
pyarrow==16.1.0
    # via vegafusion
pygments==2.18.0
    # via ipython
python-dateutil==2.9.0.post0
    # via jupyter-client
    # via pandas
pytz==2024.1
    # via pandas
pyzmq==26.0.3
    # via ipykernel
    # via jupyter-client
referencing==0.35.1
    # via jsonschema
    # via jsonschema-specifications
rpds-py==0.19.0
    # via jsonschema
    # via referencing
scikit-base==0.8.1
    # via sktime
scikit-learn==1.5.1
    # via sktime
scipy==1.14.0
    # via scikit-learn
    # via sktime
six==1.16.0
    # via asttokens
    # via python-dateutil
sktime==0.31.0
stack-data==0.6.3
    # via ipython
threadpoolctl==3.5.0
    # via scikit-learn
toolz==0.12.1
    # via altair
tornado==6.4.1
    # via ipykernel
    # via jupyter-client
traitlets==5.14.3
    # via comm
    # via ipykernel
    # via ipython
    # via jupyter-client
    # via jupyter-core
    # via matplotlib-inline
typing-extensions==4.12.2
    # via ipython
tzdata==2024.1
    # via pandas
vegafusion==1.6.9
vegafusion-python-embed==1.6.9
    # via vegafusion
vl-convert-python==1.5.0
    # via vegafusion
wcwidth==0.2.13
    # via prompt-toolkit
